
Microsoft Visual Studio Solution File, Format Version 12.00
# Visual Studio Version 17
VisualStudioVersion = 17.14.36414.22 d17.14
MinimumVisualStudioVersion = 10.0.40219.1
Project("{FAE04EC0-301F-11D3-BF4B-00C04F79EFBC}") = "Exercice01", "Exercice01\Exercice01.csproj", "{A00B85CB-0379-4788-B054-32CBEC620D4D}"
EndProject
Global
	GlobalSection(SolutionConfigurationPlatforms) = preSolution
		Debug|Any CPU = Debug|Any CPU
		Release|Any CPU = Release|Any CPU
	EndGlobalSection
	GlobalSection(ProjectConfigurationPlatforms) = postSolution
		{A00B85CB-0379-4788-B054-32CBEC620D4D}.Debug|Any CPU.ActiveCfg = Debug|Any CPU
		{A00B85CB-0379-4788-B054-32CBEC620D4D}.Debug|Any CPU.Build.0 = Debug|Any CPU
		{A00B85CB-0379-4788-B054-32CBEC620D4D}.Release|Any CPU.ActiveCfg = Release|Any CPU
		{A00B85CB-0379-4788-B054-32CBEC620D4D}.Release|Any CPU.Build.0 = Release|Any CPU
	EndGlobalSection
	GlobalSection(SolutionProperties) = preSolution
		HideSolutionNode = FALSE
	EndGlobalSection
	GlobalSection(ExtensibilityGlobals) = postSolution
		SolutionGuid = {F373C2E7-E6F1-4887-B77B-3B404610D877}
	EndGlobalSection
EndGlobal
