
Microsoft Visual Studio Solution File, Format Version 12.00
# Visual Studio Version 17
VisualStudioVersion = 17.14.36414.22 d17.14
MinimumVisualStudioVersion = 10.0.40219.1
Project("{FAE04EC0-301F-11D3-BF4B-00C04F79EFBC}") = "Exercice07", "Laboratoire07\Exercice07.csproj", "{31CDEB25-89EE-4404-A5C8-D4AB046CABE9}"
EndProject
Global
	GlobalSection(SolutionConfigurationPlatforms) = preSolution
		Debug|Any CPU = Debug|Any CPU
		Release|Any CPU = Release|Any CPU
	EndGlobalSection
	GlobalSection(ProjectConfigurationPlatforms) = postSolution
		{31CDEB25-89EE-4404-A5C8-D4AB046CABE9}.Debug|Any CPU.ActiveCfg = Debug|Any CPU
		{31CDEB25-89EE-4404-A5C8-D4AB046CABE9}.Debug|Any CPU.Build.0 = Debug|Any CPU
		{31CDEB25-89EE-4404-A5C8-D4AB046CABE9}.Release|Any CPU.ActiveCfg = Release|Any CPU
		{31CDEB25-89EE-4404-A5C8-D4AB046CABE9}.Release|Any CPU.Build.0 = Release|Any CPU
	EndGlobalSection
	GlobalSection(SolutionProperties) = preSolution
		HideSolutionNode = FALSE
	EndGlobalSection
	GlobalSection(ExtensibilityGlobals) = postSolution
		SolutionGuid = {D52DA5D6-0F67-4EA4-8DD7-43942308ED70}
	EndGlobalSection
EndGlobal
