
Microsoft Visual Studio Solution File, Format Version 12.00
# Visual Studio Version 17
VisualStudioVersion = 17.14.36414.22 d17.14
MinimumVisualStudioVersion = 10.0.40219.1
Project("{FAE04EC0-301F-11D3-BF4B-00C04F79EFBC}") = "Exercice1", "Exercice1\Exercice1.csproj", "{D436CFF9-E1A0-43CB-B9E1-10AB84E56963}"
EndProject
Global
	GlobalSection(SolutionConfigurationPlatforms) = preSolution
		Debug|Any CPU = Debug|Any CPU
		Release|Any CPU = Release|Any CPU
	EndGlobalSection
	GlobalSection(ProjectConfigurationPlatforms) = postSolution
		{D436CFF9-E1A0-43CB-B9E1-10AB84E56963}.Debug|Any CPU.ActiveCfg = Debug|Any CPU
		{D436CFF9-E1A0-43CB-B9E1-10AB84E56963}.Debug|Any CPU.Build.0 = Debug|Any CPU
		{D436CFF9-E1A0-43CB-B9E1-10AB84E56963}.Release|Any CPU.ActiveCfg = Release|Any CPU
		{D436CFF9-E1A0-43CB-B9E1-10AB84E56963}.Release|Any CPU.Build.0 = Release|Any CPU
	EndGlobalSection
	GlobalSection(SolutionProperties) = preSolution
		HideSolutionNode = FALSE
	EndGlobalSection
	GlobalSection(ExtensibilityGlobals) = postSolution
		SolutionGuid = {99B6EDBB-AFB6-4C2C-825B-3C4FFF6159E4}
	EndGlobalSection
EndGlobal
