
Microsoft Visual Studio Solution File, Format Version 12.00
# Visual Studio Version 17
VisualStudioVersion = 17.14.36414.22 d17.14
MinimumVisualStudioVersion = 10.0.40219.1
Project("{FAE04EC0-301F-11D3-BF4B-00C04F79EFBC}") = "Exercice01", "Exercice01\Exercice01.csproj", "{B84E7DCB-886F-404C-A766-CDE7A45EE62D}"
EndProject
Project("{FAE04EC0-301F-11D3-BF4B-00C04F79EFBC}") = "Exercice02", "Exercice02\Exercice02.csproj", "{37773252-9A4C-4D25-9DE4-EA3E435CD96F}"
EndProject
Project("{FAE04EC0-301F-11D3-BF4B-00C04F79EFBC}") = "Exercie03", "Exercie03\Exercie03.csproj", "{46A06ABB-3411-47EC-85D6-4176345E7CE1}"
EndProject
Global
	GlobalSection(SolutionConfigurationPlatforms) = preSolution
		Debug|Any CPU = Debug|Any CPU
		Release|Any CPU = Release|Any CPU
	EndGlobalSection
	GlobalSection(ProjectConfigurationPlatforms) = postSolution
		{B84E7DCB-886F-404C-A766-CDE7A45EE62D}.Debug|Any CPU.ActiveCfg = Debug|Any CPU
		{B84E7DCB-886F-404C-A766-CDE7A45EE62D}.Debug|Any CPU.Build.0 = Debug|Any CPU
		{B84E7DCB-886F-404C-A766-CDE7A45EE62D}.Release|Any CPU.ActiveCfg = Release|Any CPU
		{B84E7DCB-886F-404C-A766-CDE7A45EE62D}.Release|Any CPU.Build.0 = Release|Any CPU
		{37773252-9A4C-4D25-9DE4-EA3E435CD96F}.Debug|Any CPU.ActiveCfg = Debug|Any CPU
		{37773252-9A4C-4D25-9DE4-EA3E435CD96F}.Debug|Any CPU.Build.0 = Debug|Any CPU
		{37773252-9A4C-4D25-9DE4-EA3E435CD96F}.Release|Any CPU.ActiveCfg = Release|Any CPU
		{37773252-9A4C-4D25-9DE4-EA3E435CD96F}.Release|Any CPU.Build.0 = Release|Any CPU
		{46A06ABB-3411-47EC-85D6-4176345E7CE1}.Debug|Any CPU.ActiveCfg = Debug|Any CPU
		{46A06ABB-3411-47EC-85D6-4176345E7CE1}.Debug|Any CPU.Build.0 = Debug|Any CPU
		{46A06ABB-3411-47EC-85D6-4176345E7CE1}.Release|Any CPU.ActiveCfg = Release|Any CPU
		{46A06ABB-3411-47EC-85D6-4176345E7CE1}.Release|Any CPU.Build.0 = Release|Any CPU
	EndGlobalSection
	GlobalSection(SolutionProperties) = preSolution
		HideSolutionNode = FALSE
	EndGlobalSection
	GlobalSection(ExtensibilityGlobals) = postSolution
		SolutionGuid = {BD462C77-2F74-459D-8F61-108F5E012378}
	EndGlobalSection
EndGlobal
